hash: c89e9de3788580b73de5abce971fd977a46dd18aa953bef24211c72c85a41d7c
updated: 2017-07-26T16:48:57.806796969+02:00
imports:
- name: github.com/giantswarm/microerror
  version: 853e8d9e0e4c8c642c1ca9a3260fdd4072dc8e09
- name: github.com/juju/errgo
  version: 08cceb5d0b5331634b9826762a8fd53b29b86ad8
testImports: []
